
Microsoft Visual Studio Solution File, Format Version 12.00
# Visual Studio Version 16
VisualStudioVersion = 16.0.30225.117
MinimumVisualStudioVersion = 10.0.40219.1
Project("{FAE04EC0-301F-11D3-BF4B-00C04F79EFBC}") = "Hello", "Hello\Hello.csproj", "{ED9B30E0-03F7-406E-9DFA-21AA378C91D6}"
EndProject
Global
	GlobalSection(SolutionConfigurationPlatforms) = preSolution
		Debug|Any CPU = Debug|Any CPU
		Release|Any CPU = Release|Any CPU
	EndGlobalSection
	GlobalSection(ProjectConfigurationPlatforms) = postSolution
		{ED9B30E0-03F7-406E-9DFA-21AA378C91D6}.Debug|Any CPU.ActiveCfg = Debug|Any CPU
		{ED9B30E0-03F7-406E-9DFA-21AA378C91D6}.Debug|Any CPU.Build.0 = Debug|Any CPU
		{ED9B30E0-03F7-406E-9DFA-21AA378C91D6}.Release|Any CPU.ActiveCfg = Release|Any CPU
		{ED9B30E0-03F7-406E-9DFA-21AA378C91D6}.Release|Any CPU.Build.0 = Release|Any CPU
	EndGlobalSection
	GlobalSection(SolutionProperties) = preSolution
		HideSolutionNode = FALSE
	EndGlobalSection
	GlobalSection(ExtensibilityGlobals) = postSolution
		SolutionGuid = {614CA8D2-D34E-4FAA-8A4C-0BF24EDE1DE1}
	EndGlobalSection
EndGlobal
